# This file is automatically @generated by Cargo.
# It is not intended for manual editing.
[[package]]
name = "glam"
version = "0.9.5"
source = "git+https://github.com/EmbarkStudios/glam-rs?rev=d55ff75e91aab01c4fd9808e3ca9c079dfa7315c#d55ff75e91aab01c4fd9808e3ca9c079dfa7315c"
dependencies = [
 "version_check",
]

[[package]]
name = "spirv-std"
version = "0.1.0"

[[package]]
name = "triangle"
version = "0.1.0"
dependencies = [
 "glam",
 "spirv-std",
]

[[package]]
name = "version_check"
version = "0.9.2"
source = "registry+https://github.com/rust-lang/crates.io-index"
checksum = "b5a972e5669d67ba988ce3dc826706fb0a8b01471c088cb0b6110b805cc36aed"
